
Microsoft Visual Studio Solution File, Format Version 12.00
# Visual Studio Version 17
VisualStudioVersion = 17.11.35327.3
MinimumVisualStudioVersion = 10.0.40219.1
Project("{FAE04EC0-301F-11D3-BF4B-00C04F79EFBC}") = "Thos_project", "Thos_project\Thos_project.csproj", "{04351339-CEBB-4D38-AB4A-1BCBA8DEA77E}"
EndProject
Global
	GlobalSection(SolutionConfigurationPlatforms) = preSolution
		Debug|Any CPU = Debug|Any CPU
		Release|Any CPU = Release|Any CPU
	EndGlobalSection
	GlobalSection(ProjectConfigurationPlatforms) = postSolution
		{04351339-CEBB-4D38-AB4A-1BCBA8DEA77E}.Debug|Any CPU.ActiveCfg = Debug|Any CPU
		{04351339-CEBB-4D38-AB4A-1BCBA8DEA77E}.Debug|Any CPU.Build.0 = Debug|Any CPU
		{04351339-CEBB-4D38-AB4A-1BCBA8DEA77E}.Release|Any CPU.ActiveCfg = Release|Any CPU
		{04351339-CEBB-4D38-AB4A-1BCBA8DEA77E}.Release|Any CPU.Build.0 = Release|Any CPU
	EndGlobalSection
	GlobalSection(SolutionProperties) = preSolution
		HideSolutionNode = FALSE
	EndGlobalSection
	GlobalSection(ExtensibilityGlobals) = postSolution
		SolutionGuid = {064964D3-A6D4-48B0-AF73-694E0FFB2B84}
	EndGlobalSection
EndGlobal
